lockfileVersion: '6.0'

importers:

  .:
    devDependencies:
      '@type-challenges/utils':
        specifier: workspace:*
        version: link:utils
      '@types/node':
        specifier: ^18.16.0
        version: 18.16.0
      typescript:
        specifier: ^5.0.4
        version: 5.0.4

  utils: {}

packages:

  /@types/node@18.16.0:
    resolution: {integrity: sha512-BsAaKhB+7X+H4GnSjGhJG9Qi8Tw+inU9nJDwmD5CgOmBLEI6ArdhikpLX7DjbjDRDTbqZzU2LSQNZg8WGPiSZQ==}
    dev: true

  /typescript@5.0.4:
    resolution: {integrity: sha512-cW9T5W9xY37cc+jfEnaUvX91foxtHkza3Nw3wkoF4sSlKn0MONdkdEndig/qPBWXNkmplh3NzayQzCiHM4/hqw==}
    engines: {node: '>=12.20'}
    hasBin: true
    dev: true
